
Microsoft Visual Studio Solution File, Format Version 12.00
# Visual Studio Version 16
VisualStudioVersion = 25.0.1706.4
MinimumVisualStudioVersion = 10.0.40219.1
Project("{FAE04EC0-301F-11D3-BF4B-00C04F79EFBC}") = "QA-Feedback", "QA-Feedback.csproj", "{881C8FC1-A440-4F14-B223-D7B51843F97A}"
EndProject
Global
	GlobalSection(SolutionConfigurationPlatforms) = preSolution
		Debug|Any CPU = Debug|Any CPU
		Release|Any CPU = Release|Any CPU
	EndGlobalSection
	GlobalSection(ProjectConfigurationPlatforms) = postSolution
		{881C8FC1-A440-4F14-B223-D7B51843F97A}.Debug|Any CPU.ActiveCfg = Debug|Any CPU
		{881C8FC1-A440-4F14-B223-D7B51843F97A}.Debug|Any CPU.Build.0 = Debug|Any CPU
		{881C8FC1-A440-4F14-B223-D7B51843F97A}.Release|Any CPU.ActiveCfg = Release|Any CPU
		{881C8FC1-A440-4F14-B223-D7B51843F97A}.Release|Any CPU.Build.0 = Release|Any CPU
	EndGlobalSection
	GlobalSection(SolutionProperties) = preSolution
		HideSolutionNode = FALSE
	EndGlobalSection
	GlobalSection(ExtensibilityGlobals) = postSolution
		SolutionGuid = {580C60AA-3AB4-418C-9200-80FB8668D634}
	EndGlobalSection
EndGlobal
